
Microsoft Visual Studio Solution File, Format Version 12.00
# Visual Studio Version 17
VisualStudioVersion = 17.6.33815.320
MinimumVisualStudioVersion = 10.0.40219.1
Project("{FAE04EC0-301F-11D3-BF4B-00C04F79EFBC}") = "Task8-Exception Handling", "Task8-Exception Handling\Task8-Exception Handling.csproj", "{0263C04D-61B2-4A2D-83CB-A11FC482D676}"
EndProject
Global
	GlobalSection(SolutionConfigurationPlatforms) = preSolution
		Debug|Any CPU = Debug|Any CPU
		Release|Any CPU = Release|Any CPU
	EndGlobalSection
	GlobalSection(ProjectConfigurationPlatforms) = postSolution
		{0263C04D-61B2-4A2D-83CB-A11FC482D676}.Debug|Any CPU.ActiveCfg = Debug|Any CPU
		{0263C04D-61B2-4A2D-83CB-A11FC482D676}.Debug|Any CPU.Build.0 = Debug|Any CPU
		{0263C04D-61B2-4A2D-83CB-A11FC482D676}.Release|Any CPU.ActiveCfg = Release|Any CPU
		{0263C04D-61B2-4A2D-83CB-A11FC482D676}.Release|Any CPU.Build.0 = Release|Any CPU
	EndGlobalSection
	GlobalSection(SolutionProperties) = preSolution
		HideSolutionNode = FALSE
	EndGlobalSection
	GlobalSection(ExtensibilityGlobals) = postSolution
		SolutionGuid = {E47CCFC8-9B3E-420A-B2CF-6BB135B17C2D}
	EndGlobalSection
EndGlobal
