
Microsoft Visual Studio Solution File, Format Version 12.00
# Visual Studio Version 17
VisualStudioVersion = 17.6.33815.320
MinimumVisualStudioVersion = 10.0.40219.1
Project("{FAE04EC0-301F-11D3-BF4B-00C04F79EFBC}") = "Task7-Methods", "Task7-Methods\Task7-Methods.csproj", "{2A3AE1E2-8217-434E-89AA-8BA0F8FBE968}"
EndProject
Global
	GlobalSection(SolutionConfigurationPlatforms) = preSolution
		Debug|Any CPU = Debug|Any CPU
		Release|Any CPU = Release|Any CPU
	EndGlobalSection
	GlobalSection(ProjectConfigurationPlatforms) = postSolution
		{2A3AE1E2-8217-434E-89AA-8BA0F8FBE968}.Debug|Any CPU.ActiveCfg = Debug|Any CPU
		{2A3AE1E2-8217-434E-89AA-8BA0F8FBE968}.Debug|Any CPU.Build.0 = Debug|Any CPU
		{2A3AE1E2-8217-434E-89AA-8BA0F8FBE968}.Release|Any CPU.ActiveCfg = Release|Any CPU
		{2A3AE1E2-8217-434E-89AA-8BA0F8FBE968}.Release|Any CPU.Build.0 = Release|Any CPU
	EndGlobalSection
	GlobalSection(SolutionProperties) = preSolution
		HideSolutionNode = FALSE
	EndGlobalSection
	GlobalSection(ExtensibilityGlobals) = postSolution
		SolutionGuid = {581B224D-2EB7-4E9C-8DB2-F03B60A45502}
	EndGlobalSection
EndGlobal
